Microsoft Visual Studio Solution File, Format Version 12.00
# Visual Studio Version 17
VisualStudioVersion = 17.5.2.0
MinimumVisualStudioVersion = 10.0.40219.1
Project("{FAE04EC0-301F-11D3-BF4B-00C04F79EFBC}") = "Problem45", "Problem45.csproj", "{3FCB4269-B6D0-8AB5-644B-87ED9A49D8DD}"
EndProject
Global
	GlobalSection(SolutionConfigurationPlatforms) = preSolution
		Debug|Any CPU = Debug|Any CPU
		Release|Any CPU = Release|Any CPU
	EndGlobalSection
	GlobalSection(ProjectConfigurationPlatforms) = postSolution
		{3FCB4269-B6D0-8AB5-644B-87ED9A49D8DD}.Debug|Any CPU.ActiveCfg = Debug|Any CPU
		{3FCB4269-B6D0-8AB5-644B-87ED9A49D8DD}.Debug|Any CPU.Build.0 = Debug|Any CPU
		{3FCB4269-B6D0-8AB5-644B-87ED9A49D8DD}.Release|Any CPU.ActiveCfg = Release|Any CPU
		{3FCB4269-B6D0-8AB5-644B-87ED9A49D8DD}.Release|Any CPU.Build.0 = Release|Any CPU
	EndGlobalSection
	GlobalSection(SolutionProperties) = preSolution
		HideSolutionNode = FALSE
	EndGlobalSection
	GlobalSection(ExtensibilityGlobals) = postSolution
		SolutionGuid = {5561AD04-DC44-419C-BDEA-49449B99DAD6}
	EndGlobalSection
EndGlobal
